// !$*UTF8*$!
{
	archiveVersion = 1;
	classes = {
	};
	objectVersion = 46;
	objects = {

/* Begin PBXBuildFile section */
		823364B11C55E05A00037CD0 /* main.m in Sources */ = {isa = PBXBuildFile; fileRef = 823364B01C55E05A00037CD0 /* main.m */; };
		823364B41C55E05A00037CD0 /* AppDelegate.m in Sources */ = {isa = PBXBuildFile; fileRef = 823364B31C55E05A00037CD0 /* AppDelegate.m */; };
		823364B71C55E05A00037CD0 /* ViewController.m in Sources */ = {isa = PBXBuildFile; fileRef = 823364B61C55E05A00037CD0 /* ViewController.m */; };
		823364BA1C55E05A00037CD0 /* Main.storyboard in Resources */ = {isa = PBXBuildFile; fileRef = 823364B81C55E05A00037CD0 /* Main.storyboard */; };
		823364BC1C55E05A00037CD0 /* Assets.xcassets in Resources */ = {isa = PBXBuildFile; fileRef = 823364BB1C55E05A00037CD0 /* Assets.xcassets */; };
		823364BF1C55E05A00037CD0 /* LaunchScreen.storyboard in Resources */ = {isa = PBXBuildFile; fileRef = 823364BD1C55E05A00037CD0 /* LaunchScreen.storyboard */; };
		823364D81C55E07200037CD0 /* background.png in Resources */ = {isa = PBXBuildFile; fileRef = 823364C71C55E07200037CD0 /* background.png */; };
		823364D91C55E07200037CD0 /* frame_01.png in Resources */ = {isa = PBXBuildFile; fileRef = 823364C81C55E07200037CD0 /* frame_01.png */; };
		823364DA1C55E07200037CD0 /* frame_02.png in Resources */ = {isa = PBXBuildFile; fileRef = 823364C91C55E07200037CD0 /* frame_02.png */; };
		823364DB1C55E07200037CD0 /* frame_03.png in Resources */ = {isa = PBXBuildFile; fileRef = 823364CA1C55E07200037CD0 /* frame_03.png */; };
		823364DC1C55E07200037CD0 /* frame_04.png in Resources */ = {isa = PBXBuildFile; fileRef = 823364CB1C55E07200037CD0 /* frame_04.png */; };
		823364DD1C55E07200037CD0 /* frame_05.png in Resources */ = {isa = PBXBuildFile; fileRef = 823364CC1C55E07200037CD0 /* frame_05.png */; };
		823364DE1C55E07200037CD0 /* frame_06.png in Resources */ = {isa = PBXBuildFile; fileRef = 823364CD1C55E07200037CD0 /* frame_06.png */; };
		823364DF1C55E07200037CD0 /* frame_07.png in Resources */ = {isa = PBXBuildFile; fileRef = 823364CE1C55E07200037CD0 /* frame_07.png */; };
		823364E01C55E07200037CD0 /* frame_08.png in Resources */ = {isa = PBXBuildFile; fileRef = 823364CF1C55E07200037CD0 /* frame_08.png */; };
		823364E11C55E07200037CD0 /* frame_09.png in Resources */ = {isa = PBXBuildFile; fileRef = 823364D01C55E07200037CD0 /* frame_09.png */; };
		823364E21C55E07200037CD0 /* frame_10.png in Resources */ = {isa = PBXBuildFile; fileRef = 823364D11C55E07200037CD0 /* frame_10.png */; };
		823364E31C55E07200037CD0 /* frame_11.png in Resources */ = {isa = PBXBuildFile; fileRef = 823364D21C55E07200037CD0 /* frame_11.png */; };
		823364E41C55E07200037CD0 /* frame_12.png in Resources */ = {isa = PBXBuildFile; fileRef = 823364D31C55E07200037CD0 /* frame_12.png */; };
		823364E51C55E07200037CD0 /* frame_13.png in Resources */ = {isa = PBXBuildFile; fileRef = 823364D41C55E07200037CD0 /* frame_13.png */; };
		823364E61C55E07200037CD0 /* frame_14.png in Resources */ = {isa = PBXBuildFile; fileRef = 823364D51C55E07200037CD0 /* frame_14.png */; };
		823364E71C55E07200037CD0 /* frame_15.png in Resources */ = {isa = PBXBuildFile; fileRef = 823364D61C55E07200037CD0 /* frame_15.png */; };
		823364E81C55E07200037CD0 /* frame_16.png in Resources */ = {isa = PBXBuildFile; fileRef = 823364D71C55E07200037CD0 /* frame_16.png */; };
		823364EB1C55E57400037CD0 /* FrameViewController.m in Sources */ = {isa = PBXBuildFile; fileRef = 823364EA1C55E57400037CD0 /* FrameViewController.m */; };
		823364EE1C55E59200037CD0 /* ImageVIewController.m in Sources */ = {isa = PBXBuildFile; fileRef = 823364ED1C55E59200037CD0 /* ImageVIewController.m */; };
/* End PBXBuildFile section */

/* Begin PBXFileReference section */
		823364AC1C55E05A00037CD0 /* DecoCamera.app */ = {isa = PBXFileReference; explicitFileType = wrapper.application; includeInIndex = 0; path = DecoCamera.app; sourceTree = BUILT_PRODUCTS_DIR; };
		823364B01C55E05A00037CD0 /* main.m */ = {isa = PBXFileReference; lastKnownFileType = sourcecode.c.objc; path = main.m; sourceTree = "<group>"; };
		823364B21C55E05A00037CD0 /* AppDelegate.h */ = {isa = PBXFileReference; lastKnownFileType = sourcecode.c.h; path = AppDelegate.h; sourceTree = "<group>"; };
		823364B31C55E05A00037CD0 /* AppDelegate.m */ = {isa = PBXFileReference; lastKnownFileType = sourcecode.c.objc; path = AppDelegate.m; sourceTree = "<group>"; };
		823364B51C55E05A00037CD0 /* ViewController.h */ = {isa = PBXFileReference; lastKnownFileType = sourcecode.c.h; path = ViewController.h; sourceTree = "<group>"; };
		823364B61C55E05A00037CD0 /* ViewController.m */ = {isa = PBXFileReference; lastKnownFileType = sourcecode.c.objc; path = ViewController.m; sourceTree = "<group>"; };
		823364B91C55E05A00037CD0 /* Base */ = {isa = PBXFileReference; lastKnownFileType = file.storyboard; name = Base; path = Base.lproj/Main.storyboard; sourceTree = "<group>"; };
		823364BB1C55E05A00037CD0 /* Assets.xcassets */ = {isa = PBXFileReference; lastKnownFileType = folder.assetcatalog; path = Assets.xcassets; sourceTree = "<group>"; };
		823364BE1C55E05A00037CD0 /* Base */ = {isa = PBXFileReference; lastKnownFileType = file.storyboard; name = Base; path = Base.lproj/LaunchScreen.storyboard; sourceTree = "<group>"; };
		823364C01C55E05A00037CD0 /* Info.plist */ = {isa = PBXFileReference; lastKnownFileType = text.plist.xml; path = Info.plist; sourceTree = "<group>"; };
		823364C71C55E07200037CD0 /* background.png */ = {isa = PBXFileReference; lastKnownFileType = image.png; path = background.png; sourceTree = "<group>"; };
		823364C81C55E07200037CD0 /* frame_01.png */ = {isa = PBXFileReference; lastKnownFileType = image.png; path = frame_01.png; sourceTree = "<group>"; };
		823364C91C55E07200037CD0 /* frame_02.png */ = {isa = PBXFileReference; lastKnownFileType = image.png; path = frame_02.png; sourceTree = "<group>"; };
		823364CA1C55E07200037CD0 /* frame_03.png */ = {isa = PBXFileReference; lastKnownFileType = image.png; path = frame_03.png; sourceTree = "<group>"; };
		823364CB1C55E07200037CD0 /* frame_04.png */ = {isa = PBXFileReference; lastKnownFileType = image.png; path = frame_04.png; sourceTree = "<group>"; };
		823364CC1C55E07200037CD0 /* frame_05.png */ = {isa = PBXFileReference; lastKnownFileType = image.png; path = frame_05.png; sourceTree = "<group>"; };
		823364CD1C55E07200037CD0 /* frame_06.png */ = {isa = PBXFileReference; lastKnownFileType = image.png; path = frame_06.png; sourceTree = "<group>"; };
		823364CE1C55E07200037CD0 /* frame_07.png */ = {isa = PBXFileReference; lastKnownFileType = image.png; path = frame_07.png; sourceTree = "<group>"; };
		823364CF1C55E07200037CD0 /* frame_08.png */ = {isa = PBXFileReference; lastKnownFileType = image.png; path = frame_08.png; sourceTree = "<group>"; };
		823364D01C55E07200037CD0 /* frame_09.png */ = {isa = PBXFileReference; lastKnownFileType = image.png; path = frame_09.png; sourceTree = "<group>"; };
		823364D11C55E07200037CD0 /* frame_10.png */ = {isa = PBXFileReference; lastKnownFileType = image.png; path = frame_10.png; sourceTree = "<group>"; };
		823364D21C55E07200037CD0 /* frame_11.png */ = {isa = PBXFileReference; lastKnownFileType = image.png; path = frame_11.png; sourceTree = "<group>"; };
		823364D31C55E07200037CD0 /* frame_12.png */ = {isa = PBXFileReference; lastKnownFileType = image.png; path = frame_12.png; sourceTree = "<group>"; };
		823364D41C55E07200037CD0 /* frame_13.png */ = {isa = PBXFileReference; lastKnownFileType = image.png; path = frame_13.png; sourceTree = "<group>"; };
		823364D51C55E07200037CD0 /* frame_14.png */ = {isa = PBXFileReference; lastKnownFileType = image.png; path = frame_14.png; sourceTree = "<group>"; };
		823364D61C55E07200037CD0 /* frame_15.png */ = {isa = PBXFileReference; lastKnownFileType = image.png; path = frame_15.png; sourceTree = "<group>"; };
		823364D71C55E07200037CD0 /* frame_16.png */ = {isa = PBXFileReference; lastKnownFileType = image.png; path = frame_16.png; sourceTree = "<group>"; };
		823364E91C55E57400037CD0 /* FrameViewController.h */ = {isa = PBXFileReference; fileEncoding = 4; lastKnownFileType = sourcecode.c.h; path = FrameViewController.h; sourceTree = "<group>"; };
		823364EA1C55E57400037CD0 /* FrameViewController.m */ = {isa = PBXFileReference; fileEncoding = 4; lastKnownFileType = sourcecode.c.objc; path = FrameViewController.m; sourceTree = "<group>"; };
		823364EC1C55E59200037CD0 /* ImageVIewController.h */ = {isa = PBXFileReference; fileEncoding = 4; lastKnownFileType = sourcecode.c.h; path = ImageVIewController.h; sourceTree = "<group>"; };
		823364ED1C55E59200037CD0 /* ImageVIewController.m */ = {isa = PBXFileReference; fileEncoding = 4; lastKnownFileType = sourcecode.c.objc; path = ImageVIewController.m; sourceTree = "<group>"; };
/* End PBXFileReference section */

/* Begin PBXFrameworksBuildPhase section */
		823364A91C55E05A00037CD0 /* Frameworks */ = {
			isa = PBXFrameworksBuildPhase;
			buildActionMask = 2147483647;
			files = (
			);
			runOnlyForDeploymentPostprocessing = 0;
		};
/* End PBXFrameworksBuildPhase section */

/* Begin PBXGroup section */
		823364A31C55E05A00037CD0 = {
			isa = PBXGroup;
			children = (
				823364AE1C55E05A00037CD0 /* DecoCamera */,
				823364AD1C55E05A00037CD0 /* Products */,
			);
			sourceTree = "<group>";
		};
		823364AD1C55E05A00037CD0 /* Products */ = {
			isa = PBXGroup;
			children = (
				823364AC1C55E05A00037CD0 /* DecoCamera.app */,
			);
			name = Products;
			sourceTree = "<group>";
		};
		823364AE1C55E05A00037CD0 /* DecoCamera */ = {
			isa = PBXGroup;
			children = (
				823364B21C55E05A00037CD0 /* AppDelegate.h */,
				823364B31C55E05A00037CD0 /* AppDelegate.m */,
				823364B51C55E05A00037CD0 /* ViewController.h */,
				823364B61C55E05A00037CD0 /* ViewController.m */,
				823364B81C55E05A00037CD0 /* Main.storyboard */,
				823364E91C55E57400037CD0 /* FrameViewController.h */,
				823364EA1C55E57400037CD0 /* FrameViewController.m */,
				823364EC1C55E59200037CD0 /* ImageVIewController.h */,
				823364ED1C55E59200037CD0 /* ImageVIewController.m */,
				823364BB1C55E05A00037CD0 /* Assets.xcassets */,
				823364BD1C55E05A00037CD0 /* LaunchScreen.storyboard */,
				823364C01C55E05A00037CD0 /* Info.plist */,
				823364AF1C55E05A00037CD0 /* Supporting Files */,
			);
			path = DecoCamera;
			sourceTree = "<group>";
		};
		823364AF1C55E05A00037CD0 /* Supporting Files */ = {
			isa = PBXGroup;
			children = (
				823364C61C55E07200037CD0 /* Resources */,
				823364B01C55E05A00037CD0 /* main.m */,
			);
			name = "Supporting Files";
			sourceTree = "<group>";
		};
		823364C61C55E07200037CD0 /* Resources */ = {
			isa = PBXGroup;
			children = (
				823364C71C55E07200037CD0 /* background.png */,
				823364C81C55E07200037CD0 /* frame_01.png */,
				823364C91C55E07200037CD0 /* frame_02.png */,
				823364CA1C55E07200037CD0 /* frame_03.png */,
				823364CB1C55E07200037CD0 /* frame_04.png */,
				823364CC1C55E07200037CD0 /* frame_05.png */,
				823364CD1C55E07200037CD0 /* frame_06.png */,
				823364CE1C55E07200037CD0 /* frame_07.png */,
				823364CF1C55E07200037CD0 /* frame_08.png */,
				823364D01C55E07200037CD0 /* frame_09.png */,
				823364D11C55E07200037CD0 /* frame_10.png */,
				823364D21C55E07200037CD0 /* frame_11.png */,
				823364D31C55E07200037CD0 /* frame_12.png */,
				823364D41C55E07200037CD0 /* frame_13.png */,
				823364D51C55E07200037CD0 /* frame_14.png */,
				823364D61C55E07200037CD0 /* frame_15.png */,
				823364D71C55E07200037CD0 /* frame_16.png */,
			);
			path = Resources;
			sourceTree = "<group>";
		};
/* End PBXGroup section */

/* Begin PBXNativeTarget section */
		823364AB1C55E05A00037CD0 /* DecoCamera */ = {
			isa = PBXNativeTarget;
			buildConfigurationList = 823364C31C55E05A00037CD0 /* Build configuration list for PBXNativeTarget "DecoCamera" */;
			buildPhases = (
				823364A81C55E05A00037CD0 /* Sources */,
				823364A91C55E05A00037CD0 /* Frameworks */,
				823364AA1C55E05A00037CD0 /* Resources */,
			);
			buildRules = (
			);
			dependencies = (
			);
			name = DecoCamera;
			productName = DecoCamera;
			productReference = 823364AC1C55E05A00037CD0 /* DecoCamera.app */;
			productType = "com.apple.product-type.application";
		};
/* End PBXNativeTarget section */

/* Begin PBXProject section */
		823364A41C55E05A00037CD0 /* Project object */ = {
			isa = PBXProject;
			attributes = {
				LastUpgradeCheck = 0720;
				ORGANIZATIONNAME = "keiichi, inoue";
				TargetAttributes = {
					823364AB1C55E05A00037CD0 = {
						CreatedOnToolsVersion = 7.2;
					};
				};
			};
			buildConfigurationList = 823364A71C55E05A00037CD0 /* Build configuration list for PBXProject "DecoCamera" */;
			compatibilityVersion = "Xcode 3.2";
			developmentRegion = English;
			hasScannedForEncodings = 0;
			knownRegions = (
				en,
				Base,
			);
			mainGroup = 823364A31C55E05A00037CD0;
			productRefGroup = 823364AD1C55E05A00037CD0 /* Products */;
			projectDirPath = "";
			projectRoot = "";
			targets = (
				823364AB1C55E05A00037CD0 /* DecoCamera */,
			);
		};
/* End PBXProject section */

/* Begin PBXResourcesBuildPhase section */
		823364AA1C55E05A00037CD0 /* Resources */ = {
			isa = PBXResourcesBuildPhase;
			buildActionMask = 2147483647;
			files = (
				823364BF1C55E05A00037CD0 /* LaunchScreen.storyboard in Resources */,
				823364E01C55E07200037CD0 /* frame_08.png in Resources */,
				823364DD1C55E07200037CD0 /* frame_05.png in Resources */,
				823364DA1C55E07200037CD0 /* frame_02.png in Resources */,
				823364DB1C55E07200037CD0 /* frame_03.png in Resources */,
				823364D81C55E07200037CD0 /* background.png in Resources */,
				823364E71C55E07200037CD0 /* frame_15.png in Resources */,
				823364E11C55E07200037CD0 /* frame_09.png in Resources */,
				823364E31C55E07200037CD0 /* frame_11.png in Resources */,
				823364D91C55E07200037CD0 /* frame_01.png in Resources */,
				823364E21C55E07200037CD0 /* frame_10.png in Resources */,
				823364E61C55E07200037CD0 /* frame_14.png in Resources */,
				823364E81C55E07200037CD0 /* frame_16.png in Resources */,
				823364DC1C55E07200037CD0 /* frame_04.png in Resources */,
				823364DE1C55E07200037CD0 /* frame_06.png in Resources */,
				823364E41C55E07200037CD0 /* frame_12.png in Resources */,
				823364E51C55E07200037CD0 /* frame_13.png in Resources */,
				823364BC1C55E05A00037CD0 /* Assets.xcassets in Resources */,
				823364DF1C55E07200037CD0 /* frame_07.png in Resources */,
				823364BA1C55E05A00037CD0 /* Main.storyboard in Resources */,
			);
			runOnlyForDeploymentPostprocessing = 0;
		};
/* End PBXResourcesBuildPhase section */

/* Begin PBXSourcesBuildPhase section */
		823364A81C55E05A00037CD0 /* Sources */ = {
			isa = PBXSourcesBuildPhase;
			buildActionMask = 2147483647;
			files = (
				823364B71C55E05A00037CD0 /* ViewController.m in Sources */,
				823364B41C55E05A00037CD0 /* AppDelegate.m in Sources */,
				823364EB1C55E57400037CD0 /* FrameViewController.m in Sources */,
				823364B11C55E05A00037CD0 /* main.m in Sources */,
				823364EE1C55E59200037CD0 /* ImageVIewController.m in Sources */,
			);
			runOnlyForDeploymentPostprocessing = 0;
		};
/* End PBXSourcesBuildPhase section */

/* Begin PBXVariantGroup section */
		823364B81C55E05A00037CD0 /* Main.storyboard */ = {
			isa = PBXVariantGroup;
			children = (
				823364B91C55E05A00037CD0 /* Base */,
			);
			name = Main.storyboard;
			sourceTree = "<group>";
		};
		823364BD1C55E05A00037CD0 /* LaunchScreen.storyboard */ = {
			isa = PBXVariantGroup;
			children = (
				823364BE1C55E05A00037CD0 /* Base */,
			);
			name = LaunchScreen.storyboard;
			sourceTree = "<group>";
		};
/* End PBXVariantGroup section */

/* Begin XCBuildConfiguration section */
		823364C11C55E05A00037CD0 /* Debug */ = {
			isa = XCBuildConfiguration;
			buildSettings = {
				ALWAYS_SEARCH_USER_PATHS = NO;
				CLANG_CXX_LANGUAGE_STANDARD = "gnu++0x";
				CLANG_CXX_LIBRARY = "libc++";
				CLANG_ENABLE_MODULES = YES;
				CLANG_ENABLE_OBJC_ARC = YES;
				CLANG_WARN_BOOL_CONVERSION = YES;
				CLANG_WARN_CONSTANT_CONVERSION = YES;
				CLANG_WARN_DIRECT_OBJC_ISA_USAGE = YES_ERROR;
				CLANG_WARN_EMPTY_BODY = YES;
				CLANG_WARN_ENUM_CONVERSION = YES;
				CLANG_WARN_INT_CONVERSION = YES;
				CLANG_WARN_OBJC_ROOT_CLASS = YES_ERROR;
				CLANG_WARN_UNREACHABLE_CODE = YES;
				CLANG_WARN__DUPLICATE_METHOD_MATCH = YES;
				"CODE_SIGN_IDENTITY[sdk=iphoneos*]" = "iPhone Developer";
				COPY_PHASE_STRIP = NO;
				DEBUG_INFORMATION_FORMAT = dwarf;
				ENABLE_STRICT_OBJC_MSGSEND = YES;
				ENABLE_TESTABILITY = YES;
				GCC_C_LANGUAGE_STANDARD = gnu99;
				GCC_DYNAMIC_NO_PIC = NO;
				GCC_NO_COMMON_BLOCKS = YES;
				GCC_OPTIMIZATION_LEVEL = 0;
				GCC_PREPROCESSOR_DEFINITIONS = (
					"DEBUG=1",
					"$(inherited)",
				);
				GCC_WARN_64_TO_32_BIT_CONVERSION = YES;
				GCC_WARN_ABOUT_RETURN_TYPE = YES_ERROR;
				GCC_WARN_UNDECLARED_SELECTOR = YES;
				GCC_WARN_UNINITIALIZED_AUTOS = YES_AGGRESSIVE;
				GCC_WARN_UNUSED_FUNCTION = YES;
				GCC_WARN_UNUSED_VARIABLE = YES;
				IPHONEOS_DEPLOYMENT_TARGET = 9.2;
				MTL_ENABLE_DEBUG_INFO = YES;
				ONLY_ACTIVE_ARCH = YES;
				SDKROOT = iphoneos;
			};
			name = Debug;
		};
		823364C21C55E05A00037CD0 /* Release */ = {
			isa = XCBuildConfiguration;
			buildSettings = {
				ALWAYS_SEARCH_USER_PATHS = NO;
				CLANG_CXX_LANGUAGE_STANDARD = "gnu++0x";
				CLANG_CXX_LIBRARY = "libc++";
				CLANG_ENABLE_MODULES = YES;
				CLANG_ENABLE_OBJC_ARC = YES;
				CLANG_WARN_BOOL_CONVERSION = YES;
				CLANG_WARN_CONSTANT_CONVERSION = YES;
				CLANG_WARN_DIRECT_OBJC_ISA_USAGE = YES_ERROR;
				CLANG_WARN_EMPTY_BODY = YES;
				CLANG_WARN_ENUM_CONVERSION = YES;
				CLANG_WARN_INT_CONVERSION = YES;
				CLANG_WARN_OBJC_ROOT_CLASS = YES_ERROR;
				CLANG_WARN_UNREACHABLE_CODE = YES;
				CLANG_WARN__DUPLICATE_METHOD_MATCH = YES;
				"CODE_SIGN_IDENTITY[sdk=iphoneos*]" = "iPhone Developer";
				COPY_PHASE_STRIP = NO;
				DEBUG_INFORMATION_FORMAT = "dwarf-with-dsym";
				ENABLE_NS_ASSERTIONS = NO;
				ENABLE_STRICT_OBJC_MSGSEND = YES;
				GCC_C_LANGUAGE_STANDARD = gnu99;
				GCC_NO_COMMON_BLOCKS = YES;
				GCC_WARN_64_TO_32_BIT_CONVERSION = YES;
				GCC_WARN_ABOUT_RETURN_TYPE = YES_ERROR;
				GCC_WARN_UNDECLARED_SELECTOR = YES;
				GCC_WARN_UNINITIALIZED_AUTOS = YES_AGGRESSIVE;
				GCC_WARN_UNUSED_FUNCTION = YES;
				GCC_WARN_UNUSED_VARIABLE = YES;
				IPHONEOS_DEPLOYMENT_TARGET = 9.2;
				MTL_ENABLE_DEBUG_INFO = NO;
				SDKROOT = iphoneos;
				VALIDATE_PRODUCT = YES;
			};
			name = Release;
		};
		823364C41C55E05A00037CD0 /* Debug */ = {
			isa = XCBuildConfiguration;
			buildSettings = {
				ASSETCATALOG_COMPILER_APPICON_NAME = AppIcon;
				INFOPLIST_FILE = DecoCamera/Info.plist;
				LD_RUNPATH_SEARCH_PATHS = "$(inherited) @executable_path/Frameworks";
				PRODUCT_BUNDLE_IDENTIFIER = ino.fam.DecoCamera;
				PRODUCT_NAME = "$(TARGET_NAME)";
			};
			name = Debug;
		};
		823364C51C55E05A00037CD0 /* Release */ = {
			isa = XCBuildConfiguration;
			buildSettings = {
				ASSETCATALOG_COMPILER_APPICON_NAME = AppIcon;
				INFOPLIST_FILE = DecoCamera/Info.plist;
				LD_RUNPATH_SEARCH_PATHS = "$(inherited) @executable_path/Frameworks";
				PRODUCT_BUNDLE_IDENTIFIER = ino.fam.DecoCamera;
				PRODUCT_NAME = "$(TARGET_NAME)";
			};
			name = Release;
		};
/* End XCBuildConfiguration section */

/* Begin XCConfigurationList section */
		823364A71C55E05A00037CD0 /* Build configuration list for PBXProject "DecoCamera" */ = {
			isa = XCConfigurationList;
			buildConfigurations = (
				823364C11C55E05A00037CD0 /* Debug */,
				823364C21C55E05A00037CD0 /* Release */,
			);
			defaultConfigurationIsVisible = 0;
			defaultConfigurationName = Release;
		};
		823364C31C55E05A00037CD0 /* Build configuration list for PBXNativeTarget "DecoCamera" */ = {
			isa = XCConfigurationList;
			buildConfigurations = (
				823364C41C55E05A00037CD0 /* Debug */,
				823364C51C55E05A00037CD0 /* Release */,
			);
			defaultConfigurationIsVisible = 0;
		};
/* End XCConfigurationList section */
	};
	rootObject = 823364A41C55E05A00037CD0 /* Project object */;
}
